
Microsoft Visual Studio Solution File, Format Version 12.00
# Visual Studio Version 16
VisualStudioVersion = 16.0.30011.22
MinimumVisualStudioVersion = 10.0.40219.1
Project("{FAE04EC0-301F-11D3-BF4B-00C04F79EFBC}") = "crud.UWP", "crud\crud.UWP\crud.UWP.csproj", "{E42A6F6C-2CC5-4AF9-8110-4361073262C4}"
EndProject
Project("{FAE04EC0-301F-11D3-BF4B-00C04F79EFBC}") = "crud.Android", "crud\crud.Android\crud.Android.csproj", "{5345076B-34C2-49AB-A084-CED3209F42FE}"
EndProject
Project("{FAE04EC0-301F-11D3-BF4B-00C04F79EFBC}") = "crud.iOS", "crud\crud.iOS\crud.iOS.csproj", "{5FB74C03-7A9F-4566-BEF2-C0BC16466AC8}"
EndProject
Project("{FAE04EC0-301F-11D3-BF4B-00C04F79EFBC}") = "crud", "crud\crud\crud.csproj", "{64F814C7-7F6E-48FB-BC35-30519F35F32E}"
EndProject
Global
	GlobalSection(SolutionConfigurationPlatforms) = preSolution
		Debug|Any CPU = Debug|Any CPU
		Debug|ARM = Debug|ARM
		Debug|iPhone = Debug|iPhone
		Debug|iPhoneSimulator = Debug|iPhoneSimulator
		Debug|x64 = Debug|x64
		Debug|x86 = Debug|x86
		Release|Any CPU = Release|Any CPU
		Release|ARM = Release|ARM
		Release|iPhone = Release|iPhone
		Release|iPhoneSimulator = Release|iPhoneSimulator
		Release|x64 = Release|x64
		Release|x86 = Release|x86
	EndGlobalSection
	GlobalSection(ProjectConfigurationPlatforms) = postSolution
		{E42A6F6C-2CC5-4AF9-8110-4361073262C4}.Debug|Any CPU.ActiveCfg = Debug|x86
		{E42A6F6C-2CC5-4AF9-8110-4361073262C4}.Debug|Any CPU.Build.0 = Debug|x86
		{E42A6F6C-2CC5-4AF9-8110-4361073262C4}.Debug|Any CPU.Deploy.0 = Debug|x86
		{E42A6F6C-2CC5-4AF9-8110-4361073262C4}.Debug|ARM.ActiveCfg = Debug|ARM
		{E42A6F6C-2CC5-4AF9-8110-4361073262C4}.Debug|ARM.Build.0 = Debug|ARM
		{E42A6F6C-2CC5-4AF9-8110-4361073262C4}.Debug|ARM.Deploy.0 = Debug|ARM
		{E42A6F6C-2CC5-4AF9-8110-4361073262C4}.Debug|iPhone.ActiveCfg = Debug|x86
		{E42A6F6C-2CC5-4AF9-8110-4361073262C4}.Debug|iPhone.Build.0 = Debug|x86
		{E42A6F6C-2CC5-4AF9-8110-4361073262C4}.Debug|iPhone.Deploy.0 = Debug|x86
		{E42A6F6C-2CC5-4AF9-8110-4361073262C4}.Debug|iPhoneSimulator.ActiveCfg = Debug|x86
		{E42A6F6C-2CC5-4AF9-8110-4361073262C4}.Debug|iPhoneSimulator.Build.0 = Debug|x86
		{E42A6F6C-2CC5-4AF9-8110-4361073262C4}.Debug|iPhoneSimulator.Deploy.0 = Debug|x86
		{E42A6F6C-2CC5-4AF9-8110-4361073262C4}.Debug|x64.ActiveCfg = Debug|x64
		{E42A6F6C-2CC5-4AF9-8110-4361073262C4}.Debug|x64.Build.0 = Debug|x64
		{E42A6F6C-2CC5-4AF9-8110-4361073262C4}.Debug|x64.Deploy.0 = Debug|x64
		{E42A6F6C-2CC5-4AF9-8110-4361073262C4}.Debug|x86.ActiveCfg = Debug|x86
		{E42A6F6C-2CC5-4AF9-8110-4361073262C4}.Debug|x86.Build.0 = Debug|x86
		{E42A6F6C-2CC5-4AF9-8110-4361073262C4}.Debug|x86.Deploy.0 = Debug|x86
		{E42A6F6C-2CC5-4AF9-8110-4361073262C4}.Release|Any CPU.ActiveCfg = Release|x86
		{E42A6F6C-2CC5-4AF9-8110-4361073262C4}.Release|Any CPU.Build.0 = Release|x86
		{E42A6F6C-2CC5-4AF9-8110-4361073262C4}.Release|Any CPU.Deploy.0 = Release|x86
		{E42A6F6C-2CC5-4AF9-8110-4361073262C4}.Release|ARM.ActiveCfg = Release|ARM
		{E42A6F6C-2CC5-4AF9-8110-4361073262C4}.Release|ARM.Build.0 = Release|ARM
		{E42A6F6C-2CC5-4AF9-8110-4361073262C4}.Release|ARM.Deploy.0 = Release|ARM
		{E42A6F6C-2CC5-4AF9-8110-4361073262C4}.Release|iPhone.ActiveCfg = Release|x86
		{E42A6F6C-2CC5-4AF9-8110-4361073262C4}.Release|iPhone.Build.0 = Release|x86
		{E42A6F6C-2CC5-4AF9-8110-4361073262C4}.Release|iPhone.Deploy.0 = Release|x86
		{E42A6F6C-2CC5-4AF9-8110-4361073262C4}.Release|iPhoneSimulator.ActiveCfg = Release|x86
		{E42A6F6C-2CC5-4AF9-8110-4361073262C4}.Release|iPhoneSimulator.Build.0 = Release|x86
		{E42A6F6C-2CC5-4AF9-8110-4361073262C4}.Release|iPhoneSimulator.Deploy.0 = Release|x86
		{E42A6F6C-2CC5-4AF9-8110-4361073262C4}.Release|x64.ActiveCfg = Release|x64
		{E42A6F6C-2CC5-4AF9-8110-4361073262C4}.Release|x64.Build.0 = Release|x64
		{E42A6F6C-2CC5-4AF9-8110-4361073262C4}.Release|x64.Deploy.0 = Release|x64
		{E42A6F6C-2CC5-4AF9-8110-4361073262C4}.Release|x86.ActiveCfg = Release|x86
		{E42A6F6C-2CC5-4AF9-8110-4361073262C4}.Release|x86.Build.0 = Release|x86
		{E42A6F6C-2CC5-4AF9-8110-4361073262C4}.Release|x86.Deploy.0 = Release|x86
		{5345076B-34C2-49AB-A084-CED3209F42FE}.Debug|Any CPU.ActiveCfg = Debug|Any CPU
		{5345076B-34C2-49AB-A084-CED3209F42FE}.Debug|Any CPU.Build.0 = Debug|Any CPU
		{5345076B-34C2-49AB-A084-CED3209F42FE}.Debug|Any CPU.Deploy.0 = Debug|Any CPU
		{5345076B-34C2-49AB-A084-CED3209F42FE}.Debug|ARM.ActiveCfg = Debug|Any CPU
		{5345076B-34C2-49AB-A084-CED3209F42FE}.Debug|ARM.Build.0 = Debug|Any CPU
		{5345076B-34C2-49AB-A084-CED3209F42FE}.Debug|ARM.Deploy.0 = Debug|Any CPU
		{5345076B-34C2-49AB-A084-CED3209F42FE}.Debug|iPhone.ActiveCfg = Debug|Any CPU
		{5345076B-34C2-49AB-A084-CED3209F42FE}.Debug|iPhone.Build.0 = Debug|Any CPU
		{5345076B-34C2-49AB-A084-CED3209F42FE}.Debug|iPhone.Deploy.0 = Debug|Any CPU
		{5345076B-34C2-49AB-A084-CED3209F42FE}.Debug|iPhoneSimulator.ActiveCfg = Debug|Any CPU
		{5345076B-34C2-49AB-A084-CED3209F42FE}.Debug|iPhoneSimulator.Build.0 = Debug|Any CPU
		{5345076B-34C2-49AB-A084-CED3209F42FE}.Debug|iPhoneSimulator.Deploy.0 = Debug|Any CPU
		{5345076B-34C2-49AB-A084-CED3209F42FE}.Debug|x64.ActiveCfg = Debug|Any CPU
		{5345076B-34C2-49AB-A084-CED3209F42FE}.Debug|x64.Build.0 = Debug|Any CPU
		{5345076B-34C2-49AB-A084-CED3209F42FE}.Debug|x64.Deploy.0 = Debug|Any CPU
		{5345076B-34C2-49AB-A084-CED3209F42FE}.Debug|x86.ActiveCfg = Debug|Any CPU
		{5345076B-34C2-49AB-A084-CED3209F42FE}.Debug|x86.Build.0 = Debug|Any CPU
		{5345076B-34C2-49AB-A084-CED3209F42FE}.Debug|x86.Deploy.0 = Debug|Any CPU
		{5345076B-34C2-49AB-A084-CED3209F42FE}.Release|Any CPU.ActiveCfg = Release|Any CPU
		{5345076B-34C2-49AB-A084-CED3209F42FE}.Release|Any CPU.Build.0 = Release|Any CPU
		{5345076B-34C2-49AB-A084-CED3209F42FE}.Release|Any CPU.Deploy.0 = Release|Any CPU
		{5345076B-34C2-49AB-A084-CED3209F42FE}.Release|ARM.ActiveCfg = Release|Any CPU
		{5345076B-34C2-49AB-A084-CED3209F42FE}.Release|ARM.Build.0 = Release|Any CPU
		{5345076B-34C2-49AB-A084-CED3209F42FE}.Release|ARM.Deploy.0 = Release|Any CPU
		{5345076B-34C2-49AB-A084-CED3209F42FE}.Release|iPhone.ActiveCfg = Release|Any CPU
		{5345076B-34C2-49AB-A084-CED3209F42FE}.Release|iPhone.Build.0 = Release|Any CPU
		{5345076B-34C2-49AB-A084-CED3209F42FE}.Release|iPhone.Deploy.0 = Release|Any CPU
		{5345076B-34C2-49AB-A084-CED3209F42FE}.Release|iPhoneSimulator.ActiveCfg = Release|Any CPU
		{5345076B-34C2-49AB-A084-CED3209F42FE}.Release|iPhoneSimulator.Build.0 = Release|Any CPU
		{5345076B-34C2-49AB-A084-CED3209F42FE}.Release|iPhoneSimulator.Deploy.0 = Release|Any CPU
		{5345076B-34C2-49AB-A084-CED3209F42FE}.Release|x64.ActiveCfg = Release|Any CPU
		{5345076B-34C2-49AB-A084-CED3209F42FE}.Release|x64.Build.0 = Release|Any CPU
		{5345076B-34C2-49AB-A084-CED3209F42FE}.Release|x64.Deploy.0 = Release|Any CPU
		{5345076B-34C2-49AB-A084-CED3209F42FE}.Release|x86.ActiveCfg = Release|Any CPU
		{5345076B-34C2-49AB-A084-CED3209F42FE}.Release|x86.Build.0 = Release|Any CPU
		{5345076B-34C2-49AB-A084-CED3209F42FE}.Release|x86.Deploy.0 = Release|Any CPU
		{5FB74C03-7A9F-4566-BEF2-C0BC16466AC8}.Debug|Any CPU.ActiveCfg = Debug|iPhone
		{5FB74C03-7A9F-4566-BEF2-C0BC16466AC8}.Debug|Any CPU.Build.0 = Debug|iPhone
		{5FB74C03-7A9F-4566-BEF2-C0BC16466AC8}.Debug|Any CPU.Deploy.0 = Debug|iPhone
		{5FB74C03-7A9F-4566-BEF2-C0BC16466AC8}.Debug|ARM.ActiveCfg = Debug|iPhone
		{5FB74C03-7A9F-4566-BEF2-C0BC16466AC8}.Debug|ARM.Build.0 = Debug|iPhone
		{5FB74C03-7A9F-4566-BEF2-C0BC16466AC8}.Debug|ARM.Deploy.0 = Debug|iPhone
		{5FB74C03-7A9F-4566-BEF2-C0BC16466AC8}.Debug|iPhone.ActiveCfg = Debug|iPhone
		{5FB74C03-7A9F-4566-BEF2-C0BC16466AC8}.Debug|iPhone.Build.0 = Debug|iPhone
		{5FB74C03-7A9F-4566-BEF2-C0BC16466AC8}.Debug|iPhone.Deploy.0 = Debug|iPhone
		{5FB74C03-7A9F-4566-BEF2-C0BC16466AC8}.Debug|iPhoneSimulator.ActiveCfg = Debug|iPhoneSimulator
		{5FB74C03-7A9F-4566-BEF2-C0BC16466AC8}.Debug|iPhoneSimulator.Build.0 = Debug|iPhoneSimulator
		{5FB74C03-7A9F-4566-BEF2-C0BC16466AC8}.Debug|iPhoneSimulator.Deploy.0 = Debug|iPhoneSimulator
		{5FB74C03-7A9F-4566-BEF2-C0BC16466AC8}.Debug|x64.ActiveCfg = Debug|iPhone
		{5FB74C03-7A9F-4566-BEF2-C0BC16466AC8}.Debug|x64.Build.0 = Debug|iPhone
		{5FB74C03-7A9F-4566-BEF2-C0BC16466AC8}.Debug|x64.Deploy.0 = Debug|iPhone
		{5FB74C03-7A9F-4566-BEF2-C0BC16466AC8}.Debug|x86.ActiveCfg = Debug|iPhone
		{5FB74C03-7A9F-4566-BEF2-C0BC16466AC8}.Debug|x86.Build.0 = Debug|iPhone
		{5FB74C03-7A9F-4566-BEF2-C0BC16466AC8}.Debug|x86.Deploy.0 = Debug|iPhone
		{5FB74C03-7A9F-4566-BEF2-C0BC16466AC8}.Release|Any CPU.ActiveCfg = Release|iPhone
		{5FB74C03-7A9F-4566-BEF2-C0BC16466AC8}.Release|Any CPU.Build.0 = Release|iPhone
		{5FB74C03-7A9F-4566-BEF2-C0BC16466AC8}.Release|Any CPU.Deploy.0 = Release|iPhone
		{5FB74C03-7A9F-4566-BEF2-C0BC16466AC8}.Release|ARM.ActiveCfg = Release|iPhone
		{5FB74C03-7A9F-4566-BEF2-C0BC16466AC8}.Release|ARM.Build.0 = Release|iPhone
		{5FB74C03-7A9F-4566-BEF2-C0BC16466AC8}.Release|ARM.Deploy.0 = Release|iPhone
		{5FB74C03-7A9F-4566-BEF2-C0BC16466AC8}.Release|iPhone.ActiveCfg = Release|iPhone
		{5FB74C03-7A9F-4566-BEF2-C0BC16466AC8}.Release|iPhone.Build.0 = Release|iPhone
		{5FB74C03-7A9F-4566-BEF2-C0BC16466AC8}.Release|iPhone.Deploy.0 = Release|iPhone
		{5FB74C03-7A9F-4566-BEF2-C0BC16466AC8}.Release|iPhoneSimulator.ActiveCfg = Release|iPhoneSimulator
		{5FB74C03-7A9F-4566-BEF2-C0BC16466AC8}.Release|iPhoneSimulator.Build.0 = Release|iPhoneSimulator
		{5FB74C03-7A9F-4566-BEF2-C0BC16466AC8}.Release|iPhoneSimulator.Deploy.0 = Release|iPhoneSimulator
		{5FB74C03-7A9F-4566-BEF2-C0BC16466AC8}.Release|x64.ActiveCfg = Release|iPhone
		{5FB74C03-7A9F-4566-BEF2-C0BC16466AC8}.Release|x64.Build.0 = Release|iPhone
		{5FB74C03-7A9F-4566-BEF2-C0BC16466AC8}.Release|x64.Deploy.0 = Release|iPhone
		{5FB74C03-7A9F-4566-BEF2-C0BC16466AC8}.Release|x86.ActiveCfg = Release|iPhone
		{5FB74C03-7A9F-4566-BEF2-C0BC16466AC8}.Release|x86.Build.0 = Release|iPhone
		{5FB74C03-7A9F-4566-BEF2-C0BC16466AC8}.Release|x86.Deploy.0 = Release|iPhone
		{64F814C7-7F6E-48FB-BC35-30519F35F32E}.Debug|Any CPU.ActiveCfg = Debug|Any CPU
		{64F814C7-7F6E-48FB-BC35-30519F35F32E}.Debug|Any CPU.Build.0 = Debug|Any CPU
		{64F814C7-7F6E-48FB-BC35-30519F35F32E}.Debug|Any CPU.Deploy.0 = Debug|Any CPU
		{64F814C7-7F6E-48FB-BC35-30519F35F32E}.Debug|ARM.ActiveCfg = Debug|Any CPU
		{64F814C7-7F6E-48FB-BC35-30519F35F32E}.Debug|ARM.Build.0 = Debug|Any CPU
		{64F814C7-7F6E-48FB-BC35-30519F35F32E}.Debug|ARM.Deploy.0 = Debug|Any CPU
		{64F814C7-7F6E-48FB-BC35-30519F35F32E}.Debug|iPhone.ActiveCfg = Debug|Any CPU
		{64F814C7-7F6E-48FB-BC35-30519F35F32E}.Debug|iPhone.Build.0 = Debug|Any CPU
		{64F814C7-7F6E-48FB-BC35-30519F35F32E}.Debug|iPhone.Deploy.0 = Debug|Any CPU
		{64F814C7-7F6E-48FB-BC35-30519F35F32E}.Debug|iPhoneSimulator.ActiveCfg = Debug|Any CPU
		{64F814C7-7F6E-48FB-BC35-30519F35F32E}.Debug|iPhoneSimulator.Build.0 = Debug|Any CPU
		{64F814C7-7F6E-48FB-BC35-30519F35F32E}.Debug|iPhoneSimulator.Deploy.0 = Debug|Any CPU
		{64F814C7-7F6E-48FB-BC35-30519F35F32E}.Debug|x64.ActiveCfg = Debug|Any CPU
		{64F814C7-7F6E-48FB-BC35-30519F35F32E}.Debug|x64.Build.0 = Debug|Any CPU
		{64F814C7-7F6E-48FB-BC35-30519F35F32E}.Debug|x64.Deploy.0 = Debug|Any CPU
		{64F814C7-7F6E-48FB-BC35-30519F35F32E}.Debug|x86.ActiveCfg = Debug|Any CPU
		{64F814C7-7F6E-48FB-BC35-30519F35F32E}.Debug|x86.Build.0 = Debug|Any CPU
		{64F814C7-7F6E-48FB-BC35-30519F35F32E}.Debug|x86.Deploy.0 = Debug|Any CPU
		{64F814C7-7F6E-48FB-BC35-30519F35F32E}.Release|Any CPU.ActiveCfg = Release|Any CPU
		{64F814C7-7F6E-48FB-BC35-30519F35F32E}.Release|Any CPU.Build.0 = Release|Any CPU
		{64F814C7-7F6E-48FB-BC35-30519F35F32E}.Release|Any CPU.Deploy.0 = Release|Any CPU
		{64F814C7-7F6E-48FB-BC35-30519F35F32E}.Release|ARM.ActiveCfg = Release|Any CPU
		{64F814C7-7F6E-48FB-BC35-30519F35F32E}.Release|ARM.Build.0 = Release|Any CPU
		{64F814C7-7F6E-48FB-BC35-30519F35F32E}.Release|ARM.Deploy.0 = Release|Any CPU
		{64F814C7-7F6E-48FB-BC35-30519F35F32E}.Release|iPhone.ActiveCfg = Release|Any CPU
		{64F814C7-7F6E-48FB-BC35-30519F35F32E}.Release|iPhone.Build.0 = Release|Any CPU
		{64F814C7-7F6E-48FB-BC35-30519F35F32E}.Release|iPhone.Deploy.0 = Release|Any CPU
		{64F814C7-7F6E-48FB-BC35-30519F35F32E}.Release|iPhoneSimulator.ActiveCfg = Release|Any CPU
		{64F814C7-7F6E-48FB-BC35-30519F35F32E}.Release|iPhoneSimulator.Build.0 = Release|Any CPU
		{64F814C7-7F6E-48FB-BC35-30519F35F32E}.Release|iPhoneSimulator.Deploy.0 = Release|Any CPU
		{64F814C7-7F6E-48FB-BC35-30519F35F32E}.Release|x64.ActiveCfg = Release|Any CPU
		{64F814C7-7F6E-48FB-BC35-30519F35F32E}.Release|x64.Build.0 = Release|Any CPU
		{64F814C7-7F6E-48FB-BC35-30519F35F32E}.Release|x64.Deploy.0 = Release|Any CPU
		{64F814C7-7F6E-48FB-BC35-30519F35F32E}.Release|x86.ActiveCfg = Release|Any CPU
		{64F814C7-7F6E-48FB-BC35-30519F35F32E}.Release|x86.Build.0 = Release|Any CPU
		{64F814C7-7F6E-48FB-BC35-30519F35F32E}.Release|x86.Deploy.0 = Release|Any CPU
	EndGlobalSection
	GlobalSection(SolutionProperties) = preSolution
		HideSolutionNode = FALSE
	EndGlobalSection
	GlobalSection(ExtensibilityGlobals) = postSolution
		SolutionGuid = {FB7BA17D-2E92-40B3-99EF-B578D0154BCF}
	EndGlobalSection
EndGlobal
